
Microsoft Visual Studio Solution File, Format Version 12.00
# Visual Studio 2013
VisualStudioVersion = 12.0.30110.0
MinimumVisualStudioVersion = 10.0.40219.1
Project("{F2A71F9B-5D33-465A-A702-920D77279786}") = "LennyOps", "LennyOps\LennyOps.fsproj", "{7AC3E859-463F-4C5A-863D-0D9CB0C4B2C6}"
EndProject
Global
	GlobalSection(SolutionConfigurationPlatforms) = preSolution
		Debug|Any CPU = Debug|Any CPU
		Release|Any CPU = Release|Any CPU
	EndGlobalSection
	GlobalSection(ProjectConfigurationPlatforms) = postSolution
		{7AC3E859-463F-4C5A-863D-0D9CB0C4B2C6}.Debug|Any CPU.ActiveCfg = Debug|Any CPU
		{7AC3E859-463F-4C5A-863D-0D9CB0C4B2C6}.Debug|Any CPU.Build.0 = Debug|Any CPU
		{7AC3E859-463F-4C5A-863D-0D9CB0C4B2C6}.Release|Any CPU.ActiveCfg = Release|Any CPU
		{7AC3E859-463F-4C5A-863D-0D9CB0C4B2C6}.Release|Any CPU.Build.0 = Release|Any CPU
	EndGlobalSection
	GlobalSection(SolutionProperties) = preSolution
		HideSolutionNode = FALSE
	EndGlobalSection
EndGlobal
